// !$*UTF8*$!
{
	archiveVersion = 1;
	classes = {
	};
	objectVersion = 50;
	objects = {

/* Begin PBXBuildFile section */
		B2C3E15424DD3724008E682D /* InfoView.swift in Sources */ = {isa = PBXBuildFile; fileRef = B2C3E15324DD3724008E682D /* InfoView.swift */; };
		B2F7B99324DC2EA000AA37BB /* AppDelegate.swift in Sources */ = {isa = PBXBuildFile; fileRef = B2F7B99224DC2EA000AA37BB /* AppDelegate.swift */; };
		B2F7B99524DC2EA000AA37BB /* SceneDelegate.swift in Sources */ = {isa = PBXBuildFile; fileRef = B2F7B99424DC2EA000AA37BB /* SceneDelegate.swift */; };
		B2F7B99724DC2EA000AA37BB /* ContentView.swift in Sources */ = {isa = PBXBuildFile; fileRef = B2F7B99624DC2EA000AA37BB /* ContentView.swift */; };
		B2F7B99924DC2EA200AA37BB /* Assets.xcassets in Resources */ = {isa = PBXBuildFile; fileRef = B2F7B99824DC2EA200AA37BB /* Assets.xcassets */; };
		B2F7B99C24DC2EA200AA37BB /* Preview Assets.xcassets in Resources */ = {isa = PBXBuildFile; fileRef = B2F7B99B24DC2EA200AA37BB /* Preview Assets.xcassets */; };
		B2F7B99F24DC2EA200AA37BB /* LaunchScreen.storyboard in Resources */ = {isa = PBXBuildFile; fileRef = B2F7B99D24DC2EA200AA37BB /* LaunchScreen.storyboard */; };
		B2F7B9A824DC319800AA37BB /* Pacifico-Regular.ttf in Resources */ = {isa = PBXBuildFile; fileRef = B2F7B9A724DC319800AA37BB /* Pacifico-Regular.ttf */; };
/* End PBXBuildFile section */

/* Begin PBXFileReference section */
		B2C3E15324DD3724008E682D /* InfoView.swift */ = {isa = PBXFileReference; lastKnownFileType = sourcecode.swift; path = InfoView.swift; sourceTree = "<group>"; };
		B2F7B98F24DC2EA000AA37BB /* LzFallenCard.app */ = {isa = PBXFileReference; explicitFileType = wrapper.application; includeInIndex = 0; path = LzFallenCard.app; sourceTree = BUILT_PRODUCTS_DIR; };
		B2F7B99224DC2EA000AA37BB /* AppDelegate.swift */ = {isa = PBXFileReference; lastKnownFileType = sourcecode.swift; path = AppDelegate.swift; sourceTree = "<group>"; };
		B2F7B99424DC2EA000AA37BB /* SceneDelegate.swift */ = {isa = PBXFileReference; lastKnownFileType = sourcecode.swift; path = SceneDelegate.swift; sourceTree = "<group>"; };
		B2F7B99624DC2EA000AA37BB /* ContentView.swift */ = {isa = PBXFileReference; lastKnownFileType = sourcecode.swift; path = ContentView.swift; sourceTree = "<group>"; };
		B2F7B99824DC2EA200AA37BB /* Assets.xcassets */ = {isa = PBXFileReference; lastKnownFileType = folder.assetcatalog; path = Assets.xcassets; sourceTree = "<group>"; };
		B2F7B99B24DC2EA200AA37BB /* Preview Assets.xcassets */ = {isa = PBXFileReference; lastKnownFileType = folder.assetcatalog; path = "Preview Assets.xcassets"; sourceTree = "<group>"; };
		B2F7B99E24DC2EA200AA37BB /* Base */ = {isa = PBXFileReference; lastKnownFileType = file.storyboard; name = Base; path = Base.lproj/LaunchScreen.storyboard; sourceTree = "<group>"; };
		B2F7B9A024DC2EA200AA37BB /* Info.plist */ = {isa = PBXFileReference; lastKnownFileType = text.plist.xml; path = Info.plist; sourceTree = "<group>"; };
		B2F7B9A724DC319800AA37BB /* Pacifico-Regular.ttf */ = {isa = PBXFileReference; lastKnownFileType = file; path = "Pacifico-Regular.ttf"; sourceTree = "<group>"; };
/* End PBXFileReference section */

/* Begin PBXFrameworksBuildPhase section */
		B2F7B98C24DC2EA000AA37BB /* Frameworks */ = {
			isa = PBXFrameworksBuildPhase;
			buildActionMask = 2147483647;
			files = (
			);
			runOnlyForDeploymentPostprocessing = 0;
		};
/* End PBXFrameworksBuildPhase section */

/* Begin PBXGroup section */
		B2F7B98624DC2E9F00AA37BB = {
			isa = PBXGroup;
			children = (
				B2F7B99124DC2EA000AA37BB /* LzFallenCard */,
				B2F7B99024DC2EA000AA37BB /* Products */,
			);
			sourceTree = "<group>";
		};
		B2F7B99024DC2EA000AA37BB /* Products */ = {
			isa = PBXGroup;
			children = (
				B2F7B98F24DC2EA000AA37BB /* LzFallenCard.app */,
			);
			name = Products;
			sourceTree = "<group>";
		};
		B2F7B99124DC2EA000AA37BB /* LzFallenCard */ = {
			isa = PBXGroup;
			children = (
				B2F7B9A624DC315500AA37BB /* fonts */,
				B2F7B99224DC2EA000AA37BB /* AppDelegate.swift */,
				B2F7B99424DC2EA000AA37BB /* SceneDelegate.swift */,
				B2F7B99624DC2EA000AA37BB /* ContentView.swift */,
				B2C3E15324DD3724008E682D /* InfoView.swift */,
				B2F7B99824DC2EA200AA37BB /* Assets.xcassets */,
				B2F7B99D24DC2EA200AA37BB /* LaunchScreen.storyboard */,
				B2F7B9A024DC2EA200AA37BB /* Info.plist */,
				B2F7B99A24DC2EA200AA37BB /* Preview Content */,
			);
			path = LzFallenCard;
			sourceTree = "<group>";
		};
		B2F7B99A24DC2EA200AA37BB /* Preview Content */ = {
			isa = PBXGroup;
			children = (
				B2F7B99B24DC2EA200AA37BB /* Preview Assets.xcassets */,
			);
			path = "Preview Content";
			sourceTree = "<group>";
		};
		B2F7B9A624DC315500AA37BB /* fonts */ = {
			isa = PBXGroup;
			children = (
				B2F7B9A724DC319800AA37BB /* Pacifico-Regular.ttf */,
			);
			path = fonts;
			sourceTree = "<group>";
		};
/* End PBXGroup section */

/* Begin PBXNativeTarget section */
		B2F7B98E24DC2EA000AA37BB /* LzFallenCard */ = {
			isa = PBXNativeTarget;
			buildConfigurationList = B2F7B9A324DC2EA200AA37BB /* Build configuration list for PBXNativeTarget "LzFallenCard" */;
			buildPhases = (
				B2F7B98B24DC2EA000AA37BB /* Sources */,
				B2F7B98C24DC2EA000AA37BB /* Frameworks */,
				B2F7B98D24DC2EA000AA37BB /* Resources */,
			);
			buildRules = (
			);
			dependencies = (
			);
			name = LzFallenCard;
			productName = LzFallenCard;
			productReference = B2F7B98F24DC2EA000AA37BB /* LzFallenCard.app */;
			productType = "com.apple.product-type.application";
		};
/* End PBXNativeTarget section */

/* Begin PBXProject section */
		B2F7B98724DC2E9F00AA37BB /* Project object */ = {
			isa = PBXProject;
			attributes = {
				LastSwiftUpdateCheck = 1150;
				LastUpgradeCheck = 1150;
				ORGANIZATIONNAME = "Oeng Hok Leng";
				TargetAttributes = {
					B2F7B98E24DC2EA000AA37BB = {
						CreatedOnToolsVersion = 11.5;
					};
				};
			};
			buildConfigurationList = B2F7B98A24DC2E9F00AA37BB /* Build configuration list for PBXProject "LzFallenCard" */;
			compatibilityVersion = "Xcode 9.3";
			developmentRegion = en;
			hasScannedForEncodings = 0;
			knownRegions = (
				en,
				Base,
			);
			mainGroup = B2F7B98624DC2E9F00AA37BB;
			productRefGroup = B2F7B99024DC2EA000AA37BB /* Products */;
			projectDirPath = "";
			projectRoot = "";
			targets = (
				B2F7B98E24DC2EA000AA37BB /* LzFallenCard */,
			);
		};
/* End PBXProject section */

/* Begin PBXResourcesBuildPhase section */
		B2F7B98D24DC2EA000AA37BB /* Resources */ = {
			isa = PBXResourcesBuildPhase;
			buildActionMask = 2147483647;
			files = (
				B2F7B99F24DC2EA200AA37BB /* LaunchScreen.storyboard in Resources */,
				B2F7B9A824DC319800AA37BB /* Pacifico-Regular.ttf in Resources */,
				B2F7B99C24DC2EA200AA37BB /* Preview Assets.xcassets in Resources */,
				B2F7B99924DC2EA200AA37BB /* Assets.xcassets in Resources */,
			);
			runOnlyForDeploymentPostprocessing = 0;
		};
/* End PBXResourcesBuildPhase section */

/* Begin PBXSourcesBuildPhase section */
		B2F7B98B24DC2EA000AA37BB /* Sources */ = {
			isa = PBXSourcesBuildPhase;
			buildActionMask = 2147483647;
			files = (
				B2C3E15424DD3724008E682D /* InfoView.swift in Sources */,
				B2F7B99324DC2EA000AA37BB /* AppDelegate.swift in Sources */,
				B2F7B99524DC2EA000AA37BB /* SceneDelegate.swift in Sources */,
				B2F7B99724DC2EA000AA37BB /* ContentView.swift in Sources */,
			);
			runOnlyForDeploymentPostprocessing = 0;
		};
/* End PBXSourcesBuildPhase section */

/* Begin PBXVariantGroup section */
		B2F7B99D24DC2EA200AA37BB /* LaunchScreen.storyboard */ = {
			isa = PBXVariantGroup;
			children = (
				B2F7B99E24DC2EA200AA37BB /* Base */,
			);
			name = LaunchScreen.storyboard;
			sourceTree = "<group>";
		};
/* End PBXVariantGroup section */

/* Begin XCBuildConfiguration section */
		B2F7B9A124DC2EA200AA37BB /* Debug */ = {
			isa = XCBuildConfiguration;
			buildSettings = {
				ALWAYS_SEARCH_USER_PATHS = NO;
				CLANG_ANALYZER_NONNULL = YES;
				CLANG_ANALYZER_NUMBER_OBJECT_CONVERSION = YES_AGGRESSIVE;
				CLANG_CXX_LANGUAGE_STANDARD = "gnu++14";
				CLANG_CXX_LIBRARY = "libc++";
				CLANG_ENABLE_MODULES = YES;
				CLANG_ENABLE_OBJC_ARC = YES;
				CLANG_ENABLE_OBJC_WEAK = YES;
				CLANG_WARN_BLOCK_CAPTURE_AUTORELEASING = YES;
				CLANG_WARN_BOOL_CONVERSION = YES;
				CLANG_WARN_COMMA = YES;
				CLANG_WARN_CONSTANT_CONVERSION = YES;
				CLANG_WARN_DEPRECATED_OBJC_IMPLEMENTATIONS = YES;
				CLANG_WARN_DIRECT_OBJC_ISA_USAGE = YES_ERROR;
				CLANG_WARN_DOCUMENTATION_COMMENTS = YES;
				CLANG_WARN_EMPTY_BODY = YES;
				CLANG_WARN_ENUM_CONVERSION = YES;
				CLANG_WARN_INFINITE_RECURSION = YES;
				CLANG_WARN_INT_CONVERSION = YES;
				CLANG_WARN_NON_LITERAL_NULL_CONVERSION = YES;
				CLANG_WARN_OBJC_IMPLICIT_RETAIN_SELF = YES;
				CLANG_WARN_OBJC_LITERAL_CONVERSION = YES;
				CLANG_WARN_OBJC_ROOT_CLASS = YES_ERROR;
				CLANG_WARN_RANGE_LOOP_ANALYSIS = YES;
				CLANG_WARN_STRICT_PROTOTYPES = YES;
				CLANG_WARN_SUSPICIOUS_MOVE = YES;
				CLANG_WARN_UNGUARDED_AVAILABILITY = YES_AGGRESSIVE;
				CLANG_WARN_UNREACHABLE_CODE = YES;
				CLANG_WARN__DUPLICATE_METHOD_MATCH = YES;
				COPY_PHASE_STRIP = NO;
				DEBUG_INFORMATION_FORMAT = dwarf;
				ENABLE_STRICT_OBJC_MSGSEND = YES;
				ENABLE_TESTABILITY = YES;
				GCC_C_LANGUAGE_STANDARD = gnu11;
				GCC_DYNAMIC_NO_PIC = NO;
				GCC_NO_COMMON_BLOCKS = YES;
				GCC_OPTIMIZATION_LEVEL = 0;
				GCC_PREPROCESSOR_DEFINITIONS = (
					"DEBUG=1",
					"$(inherited)",
				);
				GCC_WARN_64_TO_32_BIT_CONVERSION = YES;
				GCC_WARN_ABOUT_RETURN_TYPE = YES_ERROR;
				GCC_WARN_UNDECLARED_SELECTOR = YES;
				GCC_WARN_UNINITIALIZED_AUTOS = YES_AGGRESSIVE;
				GCC_WARN_UNUSED_FUNCTION = YES;
				GCC_WARN_UNUSED_VARIABLE = YES;
				IPHONEOS_DEPLOYMENT_TARGET = 13.5;
				MTL_ENABLE_DEBUG_INFO = INCLUDE_SOURCE;
				MTL_FAST_MATH = YES;
				ONLY_ACTIVE_ARCH = YES;
				SDKROOT = iphoneos;
				SWIFT_ACTIVE_COMPILATION_CONDITIONS = DEBUG;
				SWIFT_OPTIMIZATION_LEVEL = "-Onone";
			};
			name = Debug;
		};
		B2F7B9A224DC2EA200AA37BB /* Release */ = {
			isa = XCBuildConfiguration;
			buildSettings = {
				ALWAYS_SEARCH_USER_PATHS = NO;
				CLANG_ANALYZER_NONNULL = YES;
				CLANG_ANALYZER_NUMBER_OBJECT_CONVERSION = YES_AGGRESSIVE;
				CLANG_CXX_LANGUAGE_STANDARD = "gnu++14";
				CLANG_CXX_LIBRARY = "libc++";
				CLANG_ENABLE_MODULES = YES;
				CLANG_ENABLE_OBJC_ARC = YES;
				CLANG_ENABLE_OBJC_WEAK = YES;
				CLANG_WARN_BLOCK_CAPTURE_AUTORELEASING = YES;
				CLANG_WARN_BOOL_CONVERSION = YES;
				CLANG_WARN_COMMA = YES;
				CLANG_WARN_CONSTANT_CONVERSION = YES;
				CLANG_WARN_DEPRECATED_OBJC_IMPLEMENTATIONS = YES;
				CLANG_WARN_DIRECT_OBJC_ISA_USAGE = YES_ERROR;
				CLANG_WARN_DOCUMENTATION_COMMENTS = YES;
				CLANG_WARN_EMPTY_BODY = YES;
				CLANG_WARN_ENUM_CONVERSION = YES;
				CLANG_WARN_INFINITE_RECURSION = YES;
				CLANG_WARN_INT_CONVERSION = YES;
				CLANG_WARN_NON_LITERAL_NULL_CONVERSION = YES;
				CLANG_WARN_OBJC_IMPLICIT_RETAIN_SELF = YES;
				CLANG_WARN_OBJC_LITERAL_CONVERSION = YES;
				CLANG_WARN_OBJC_ROOT_CLASS = YES_ERROR;
				CLANG_WARN_RANGE_LOOP_ANALYSIS = YES;
				CLANG_WARN_STRICT_PROTOTYPES = YES;
				CLANG_WARN_SUSPICIOUS_MOVE = YES;
				CLANG_WARN_UNGUARDED_AVAILABILITY = YES_AGGRESSIVE;
				CLANG_WARN_UNREACHABLE_CODE = YES;
				CLANG_WARN__DUPLICATE_METHOD_MATCH = YES;
				COPY_PHASE_STRIP = NO;
				DEBUG_INFORMATION_FORMAT = "dwarf-with-dsym";
				ENABLE_NS_ASSERTIONS = NO;
				ENABLE_STRICT_OBJC_MSGSEND = YES;
				GCC_C_LANGUAGE_STANDARD = gnu11;
				GCC_NO_COMMON_BLOCKS = YES;
				GCC_WARN_64_TO_32_BIT_CONVERSION = YES;
				GCC_WARN_ABOUT_RETURN_TYPE = YES_ERROR;
				GCC_WARN_UNDECLARED_SELECTOR = YES;
				GCC_WARN_UNINITIALIZED_AUTOS = YES_AGGRESSIVE;
				GCC_WARN_UNUSED_FUNCTION = YES;
				GCC_WARN_UNUSED_VARIABLE = YES;
				IPHONEOS_DEPLOYMENT_TARGET = 13.5;
				MTL_ENABLE_DEBUG_INFO = NO;
				MTL_FAST_MATH = YES;
				SDKROOT = iphoneos;
				SWIFT_COMPILATION_MODE = wholemodule;
				SWIFT_OPTIMIZATION_LEVEL = "-O";
				VALIDATE_PRODUCT = YES;
			};
			name = Release;
		};
		B2F7B9A424DC2EA200AA37BB /* Debug */ = {
			isa = XCBuildConfiguration;
			buildSettings = {
				ASSETCATALOG_COMPILER_APPICON_NAME = AppIcon;
				CODE_SIGN_STYLE = Automatic;
				DEVELOPMENT_ASSET_PATHS = "\"LzFallenCard/Preview Content\"";
				DEVELOPMENT_TEAM = LXPQ92Y325;
				ENABLE_PREVIEWS = YES;
				INFOPLIST_FILE = LzFallenCard/Info.plist;
				LD_RUNPATH_SEARCH_PATHS = (
					"$(inherited)",
					"@executable_path/Frameworks",
				);
				PRODUCT_BUNDLE_IDENTIFIER = TeamDevelopment.LzFallenCard;
				PRODUCT_NAME = "$(TARGET_NAME)";
				SWIFT_VERSION = 5.0;
				TARGETED_DEVICE_FAMILY = "1,2";
			};
			name = Debug;
		};
		B2F7B9A524DC2EA200AA37BB /* Release */ = {
			isa = XCBuildConfiguration;
			buildSettings = {
				ASSETCATALOG_COMPILER_APPICON_NAME = AppIcon;
				CODE_SIGN_STYLE = Automatic;
				DEVELOPMENT_ASSET_PATHS = "\"LzFallenCard/Preview Content\"";
				DEVELOPMENT_TEAM = LXPQ92Y325;
				ENABLE_PREVIEWS = YES;
				INFOPLIST_FILE = LzFallenCard/Info.plist;
				LD_RUNPATH_SEARCH_PATHS = (
					"$(inherited)",
					"@executable_path/Frameworks",
				);
				PRODUCT_BUNDLE_IDENTIFIER = TeamDevelopment.LzFallenCard;
				PRODUCT_NAME = "$(TARGET_NAME)";
				SWIFT_VERSION = 5.0;
				TARGETED_DEVICE_FAMILY = "1,2";
			};
			name = Release;
		};
/* End XCBuildConfiguration section */

/* Begin XCConfigurationList section */
		B2F7B98A24DC2E9F00AA37BB /* Build configuration list for PBXProject "LzFallenCard" */ = {
			isa = XCConfigurationList;
			buildConfigurations = (
				B2F7B9A124DC2EA200AA37BB /* Debug */,
				B2F7B9A224DC2EA200AA37BB /* Release */,
			);
			defaultConfigurationIsVisible = 0;
			defaultConfigurationName = Release;
		};
		B2F7B9A324DC2EA200AA37BB /* Build configuration list for PBXNativeTarget "LzFallenCard" */ = {
			isa = XCConfigurationList;
			buildConfigurations = (
				B2F7B9A424DC2EA200AA37BB /* Debug */,
				B2F7B9A524DC2EA200AA37BB /* Release */,
			);
			defaultConfigurationIsVisible = 0;
			defaultConfigurationName = Release;
		};
/* End XCConfigurationList section */
	};
	rootObject = B2F7B98724DC2E9F00AA37BB /* Project object */;
}
