// !$*UTF8*$!
{
	archiveVersion = 1;
	classes = {
	};
	objectVersion = 50;
	objects = {

/* Begin PBXBuildFile section */
		B260812D24DFA7AB004300F0 /* AppDelegate.swift in Sources */ = {isa = PBXBuildFile; fileRef = B260812C24DFA7AB004300F0 /* AppDelegate.swift */; };
		B260812F24DFA7AB004300F0 /* SceneDelegate.swift in Sources */ = {isa = PBXBuildFile; fileRef = B260812E24DFA7AB004300F0 /* SceneDelegate.swift */; };
		B260813124DFA7AB004300F0 /* ContentView.swift in Sources */ = {isa = PBXBuildFile; fileRef = B260813024DFA7AB004300F0 /* ContentView.swift */; };
		B260813324DFA7AD004300F0 /* Assets.xcassets in Resources */ = {isa = PBXBuildFile; fileRef = B260813224DFA7AD004300F0 /* Assets.xcassets */; };
		B260813624DFA7AD004300F0 /* Preview Assets.xcassets in Resources */ = {isa = PBXBuildFile; fileRef = B260813524DFA7AD004300F0 /* Preview Assets.xcassets */; };
		B260813924DFA7AD004300F0 /* LaunchScreen.storyboard in Resources */ = {isa = PBXBuildFile; fileRef = B260813724DFA7AD004300F0 /* LaunchScreen.storyboard */; };
		B2F27C1124E0EE1F009026FC /* NetworkManger.swift in Sources */ = {isa = PBXBuildFile; fileRef = B2F27C1024E0EE1F009026FC /* NetworkManger.swift */; };
		B2F27C1324E0F28C009026FC /* PostData.swift in Sources */ = {isa = PBXBuildFile; fileRef = B2F27C1224E0F28C009026FC /* PostData.swift */; };
		B2F6483A24E19FB90064ACEB /* DetailView.swift in Sources */ = {isa = PBXBuildFile; fileRef = B2F6483924E19FB90064ACEB /* DetailView.swift */; };
		B2F6483C24E1B20D0064ACEB /* WebView.swift in Sources */ = {isa = PBXBuildFile; fileRef = B2F6483B24E1B20D0064ACEB /* WebView.swift */; };
/* End PBXBuildFile section */

/* Begin PBXFileReference section */
		B260812924DFA7AB004300F0 /* H4XOR News.app */ = {isa = PBXFileReference; explicitFileType = wrapper.application; includeInIndex = 0; path = "H4XOR News.app"; sourceTree = BUILT_PRODUCTS_DIR; };
		B260812C24DFA7AB004300F0 /* AppDelegate.swift */ = {isa = PBXFileReference; lastKnownFileType = sourcecode.swift; path = AppDelegate.swift; sourceTree = "<group>"; };
		B260812E24DFA7AB004300F0 /* SceneDelegate.swift */ = {isa = PBXFileReference; lastKnownFileType = sourcecode.swift; path = SceneDelegate.swift; sourceTree = "<group>"; };
		B260813024DFA7AB004300F0 /* ContentView.swift */ = {isa = PBXFileReference; lastKnownFileType = sourcecode.swift; path = ContentView.swift; sourceTree = "<group>"; };
		B260813224DFA7AD004300F0 /* Assets.xcassets */ = {isa = PBXFileReference; lastKnownFileType = folder.assetcatalog; path = Assets.xcassets; sourceTree = "<group>"; };
		B260813524DFA7AD004300F0 /* Preview Assets.xcassets */ = {isa = PBXFileReference; lastKnownFileType = folder.assetcatalog; path = "Preview Assets.xcassets"; sourceTree = "<group>"; };
		B260813824DFA7AD004300F0 /* Base */ = {isa = PBXFileReference; lastKnownFileType = file.storyboard; name = Base; path = Base.lproj/LaunchScreen.storyboard; sourceTree = "<group>"; };
		B260813A24DFA7AD004300F0 /* Info.plist */ = {isa = PBXFileReference; lastKnownFileType = text.plist.xml; path = Info.plist; sourceTree = "<group>"; };
		B2F27C1024E0EE1F009026FC /* NetworkManger.swift */ = {isa = PBXFileReference; lastKnownFileType = sourcecode.swift; path = NetworkManger.swift; sourceTree = "<group>"; };
		B2F27C1224E0F28C009026FC /* PostData.swift */ = {isa = PBXFileReference; lastKnownFileType = sourcecode.swift; path = PostData.swift; sourceTree = "<group>"; };
		B2F6483924E19FB90064ACEB /* DetailView.swift */ = {isa = PBXFileReference; lastKnownFileType = sourcecode.swift; path = DetailView.swift; sourceTree = "<group>"; };
		B2F6483B24E1B20D0064ACEB /* WebView.swift */ = {isa = PBXFileReference; lastKnownFileType = sourcecode.swift; path = WebView.swift; sourceTree = "<group>"; };
		B2F6483D24E1B8570064ACEB /* H4XOR News.entitlements */ = {isa = PBXFileReference; lastKnownFileType = text.plist.entitlements; path = "H4XOR News.entitlements"; sourceTree = "<group>"; };
/* End PBXFileReference section */

/* Begin PBXFrameworksBuildPhase section */
		B260812624DFA7AB004300F0 /* Frameworks */ = {
			isa = PBXFrameworksBuildPhase;
			buildActionMask = 2147483647;
			files = (
			);
			runOnlyForDeploymentPostprocessing = 0;
		};
/* End PBXFrameworksBuildPhase section */

/* Begin PBXGroup section */
		B260812024DFA7AB004300F0 = {
			isa = PBXGroup;
			children = (
				B260812B24DFA7AB004300F0 /* H4XOR News */,
				B260812A24DFA7AB004300F0 /* Products */,
			);
			sourceTree = "<group>";
		};
		B260812A24DFA7AB004300F0 /* Products */ = {
			isa = PBXGroup;
			children = (
				B260812924DFA7AB004300F0 /* H4XOR News.app */,
			);
			name = Products;
			sourceTree = "<group>";
		};
		B260812B24DFA7AB004300F0 /* H4XOR News */ = {
			isa = PBXGroup;
			children = (
				B2F6483D24E1B8570064ACEB /* H4XOR News.entitlements */,
				B260812C24DFA7AB004300F0 /* AppDelegate.swift */,
				B260812E24DFA7AB004300F0 /* SceneDelegate.swift */,
				B260813024DFA7AB004300F0 /* ContentView.swift */,
				B2F6483924E19FB90064ACEB /* DetailView.swift */,
				B2F27C0D24E0EDC9009026FC /* Model */,
				B260813224DFA7AD004300F0 /* Assets.xcassets */,
				B260813724DFA7AD004300F0 /* LaunchScreen.storyboard */,
				B260813A24DFA7AD004300F0 /* Info.plist */,
				B260813424DFA7AD004300F0 /* Preview Content */,
			);
			path = "H4XOR News";
			sourceTree = "<group>";
		};
		B260813424DFA7AD004300F0 /* Preview Content */ = {
			isa = PBXGroup;
			children = (
				B260813524DFA7AD004300F0 /* Preview Assets.xcassets */,
			);
			path = "Preview Content";
			sourceTree = "<group>";
		};
		B2F27C0D24E0EDC9009026FC /* Model */ = {
			isa = PBXGroup;
			children = (
				B2F27C1024E0EE1F009026FC /* NetworkManger.swift */,
				B2F27C1224E0F28C009026FC /* PostData.swift */,
				B2F6483B24E1B20D0064ACEB /* WebView.swift */,
			);
			path = Model;
			sourceTree = "<group>";
		};
/* End PBXGroup section */

/* Begin PBXNativeTarget section */
		B260812824DFA7AB004300F0 /* H4XOR News */ = {
			isa = PBXNativeTarget;
			buildConfigurationList = B260813D24DFA7AD004300F0 /* Build configuration list for PBXNativeTarget "H4XOR News" */;
			buildPhases = (
				B260812524DFA7AB004300F0 /* Sources */,
				B260812624DFA7AB004300F0 /* Frameworks */,
				B260812724DFA7AB004300F0 /* Resources */,
			);
			buildRules = (
			);
			dependencies = (
			);
			name = "H4XOR News";
			productName = "H4XOR News";
			productReference = B260812924DFA7AB004300F0 /* H4XOR News.app */;
			productType = "com.apple.product-type.application";
		};
/* End PBXNativeTarget section */

/* Begin PBXProject section */
		B260812124DFA7AB004300F0 /* Project object */ = {
			isa = PBXProject;
			attributes = {
				LastSwiftUpdateCheck = 1150;
				LastUpgradeCheck = 1150;
				ORGANIZATIONNAME = "Oeng Hok Leng";
				TargetAttributes = {
					B260812824DFA7AB004300F0 = {
						CreatedOnToolsVersion = 11.5;
					};
				};
			};
			buildConfigurationList = B260812424DFA7AB004300F0 /* Build configuration list for PBXProject "H4XOR News" */;
			compatibilityVersion = "Xcode 9.3";
			developmentRegion = en;
			hasScannedForEncodings = 0;
			knownRegions = (
				en,
				Base,
			);
			mainGroup = B260812024DFA7AB004300F0;
			productRefGroup = B260812A24DFA7AB004300F0 /* Products */;
			projectDirPath = "";
			projectRoot = "";
			targets = (
				B260812824DFA7AB004300F0 /* H4XOR News */,
			);
		};
/* End PBXProject section */

/* Begin PBXResourcesBuildPhase section */
		B260812724DFA7AB004300F0 /* Resources */ = {
			isa = PBXResourcesBuildPhase;
			buildActionMask = 2147483647;
			files = (
				B260813924DFA7AD004300F0 /* LaunchScreen.storyboard in Resources */,
				B260813624DFA7AD004300F0 /* Preview Assets.xcassets in Resources */,
				B260813324DFA7AD004300F0 /* Assets.xcassets in Resources */,
			);
			runOnlyForDeploymentPostprocessing = 0;
		};
/* End PBXResourcesBuildPhase section */

/* Begin PBXSourcesBuildPhase section */
		B260812524DFA7AB004300F0 /* Sources */ = {
			isa = PBXSourcesBuildPhase;
			buildActionMask = 2147483647;
			files = (
				B2F27C1324E0F28C009026FC /* PostData.swift in Sources */,
				B2F6483A24E19FB90064ACEB /* DetailView.swift in Sources */,
				B260812D24DFA7AB004300F0 /* AppDelegate.swift in Sources */,
				B260812F24DFA7AB004300F0 /* SceneDelegate.swift in Sources */,
				B2F27C1124E0EE1F009026FC /* NetworkManger.swift in Sources */,
				B260813124DFA7AB004300F0 /* ContentView.swift in Sources */,
				B2F6483C24E1B20D0064ACEB /* WebView.swift in Sources */,
			);
			runOnlyForDeploymentPostprocessing = 0;
		};
/* End PBXSourcesBuildPhase section */

/* Begin PBXVariantGroup section */
		B260813724DFA7AD004300F0 /* LaunchScreen.storyboard */ = {
			isa = PBXVariantGroup;
			children = (
				B260813824DFA7AD004300F0 /* Base */,
			);
			name = LaunchScreen.storyboard;
			sourceTree = "<group>";
		};
/* End PBXVariantGroup section */

/* Begin XCBuildConfiguration section */
		B260813B24DFA7AD004300F0 /* Debug */ = {
			isa = XCBuildConfiguration;
			buildSettings = {
				ALWAYS_SEARCH_USER_PATHS = NO;
				CLANG_ANALYZER_NONNULL = YES;
				CLANG_ANALYZER_NUMBER_OBJECT_CONVERSION = YES_AGGRESSIVE;
				CLANG_CXX_LANGUAGE_STANDARD = "gnu++14";
				CLANG_CXX_LIBRARY = "libc++";
				CLANG_ENABLE_MODULES = YES;
				CLANG_ENABLE_OBJC_ARC = YES;
				CLANG_ENABLE_OBJC_WEAK = YES;
				CLANG_WARN_BLOCK_CAPTURE_AUTORELEASING = YES;
				CLANG_WARN_BOOL_CONVERSION = YES;
				CLANG_WARN_COMMA = YES;
				CLANG_WARN_CONSTANT_CONVERSION = YES;
				CLANG_WARN_DEPRECATED_OBJC_IMPLEMENTATIONS = YES;
				CLANG_WARN_DIRECT_OBJC_ISA_USAGE = YES_ERROR;
				CLANG_WARN_DOCUMENTATION_COMMENTS = YES;
				CLANG_WARN_EMPTY_BODY = YES;
				CLANG_WARN_ENUM_CONVERSION = YES;
				CLANG_WARN_INFINITE_RECURSION = YES;
				CLANG_WARN_INT_CONVERSION = YES;
				CLANG_WARN_NON_LITERAL_NULL_CONVERSION = YES;
				CLANG_WARN_OBJC_IMPLICIT_RETAIN_SELF = YES;
				CLANG_WARN_OBJC_LITERAL_CONVERSION = YES;
				CLANG_WARN_OBJC_ROOT_CLASS = YES_ERROR;
				CLANG_WARN_RANGE_LOOP_ANALYSIS = YES;
				CLANG_WARN_STRICT_PROTOTYPES = YES;
				CLANG_WARN_SUSPICIOUS_MOVE = YES;
				CLANG_WARN_UNGUARDED_AVAILABILITY = YES_AGGRESSIVE;
				CLANG_WARN_UNREACHABLE_CODE = YES;
				CLANG_WARN__DUPLICATE_METHOD_MATCH = YES;
				COPY_PHASE_STRIP = NO;
				DEBUG_INFORMATION_FORMAT = dwarf;
				ENABLE_STRICT_OBJC_MSGSEND = YES;
				ENABLE_TESTABILITY = YES;
				GCC_C_LANGUAGE_STANDARD = gnu11;
				GCC_DYNAMIC_NO_PIC = NO;
				GCC_NO_COMMON_BLOCKS = YES;
				GCC_OPTIMIZATION_LEVEL = 0;
				GCC_PREPROCESSOR_DEFINITIONS = (
					"DEBUG=1",
					"$(inherited)",
				);
				GCC_WARN_64_TO_32_BIT_CONVERSION = YES;
				GCC_WARN_ABOUT_RETURN_TYPE = YES_ERROR;
				GCC_WARN_UNDECLARED_SELECTOR = YES;
				GCC_WARN_UNINITIALIZED_AUTOS = YES_AGGRESSIVE;
				GCC_WARN_UNUSED_FUNCTION = YES;
				GCC_WARN_UNUSED_VARIABLE = YES;
				IPHONEOS_DEPLOYMENT_TARGET = 13.5;
				MTL_ENABLE_DEBUG_INFO = INCLUDE_SOURCE;
				MTL_FAST_MATH = YES;
				ONLY_ACTIVE_ARCH = YES;
				SDKROOT = iphoneos;
				SWIFT_ACTIVE_COMPILATION_CONDITIONS = DEBUG;
				SWIFT_OPTIMIZATION_LEVEL = "-Onone";
			};
			name = Debug;
		};
		B260813C24DFA7AD004300F0 /* Release */ = {
			isa = XCBuildConfiguration;
			buildSettings = {
				ALWAYS_SEARCH_USER_PATHS = NO;
				CLANG_ANALYZER_NONNULL = YES;
				CLANG_ANALYZER_NUMBER_OBJECT_CONVERSION = YES_AGGRESSIVE;
				CLANG_CXX_LANGUAGE_STANDARD = "gnu++14";
				CLANG_CXX_LIBRARY = "libc++";
				CLANG_ENABLE_MODULES = YES;
				CLANG_ENABLE_OBJC_ARC = YES;
				CLANG_ENABLE_OBJC_WEAK = YES;
				CLANG_WARN_BLOCK_CAPTURE_AUTORELEASING = YES;
				CLANG_WARN_BOOL_CONVERSION = YES;
				CLANG_WARN_COMMA = YES;
				CLANG_WARN_CONSTANT_CONVERSION = YES;
				CLANG_WARN_DEPRECATED_OBJC_IMPLEMENTATIONS = YES;
				CLANG_WARN_DIRECT_OBJC_ISA_USAGE = YES_ERROR;
				CLANG_WARN_DOCUMENTATION_COMMENTS = YES;
				CLANG_WARN_EMPTY_BODY = YES;
				CLANG_WARN_ENUM_CONVERSION = YES;
				CLANG_WARN_INFINITE_RECURSION = YES;
				CLANG_WARN_INT_CONVERSION = YES;
				CLANG_WARN_NON_LITERAL_NULL_CONVERSION = YES;
				CLANG_WARN_OBJC_IMPLICIT_RETAIN_SELF = YES;
				CLANG_WARN_OBJC_LITERAL_CONVERSION = YES;
				CLANG_WARN_OBJC_ROOT_CLASS = YES_ERROR;
				CLANG_WARN_RANGE_LOOP_ANALYSIS = YES;
				CLANG_WARN_STRICT_PROTOTYPES = YES;
				CLANG_WARN_SUSPICIOUS_MOVE = YES;
				CLANG_WARN_UNGUARDED_AVAILABILITY = YES_AGGRESSIVE;
				CLANG_WARN_UNREACHABLE_CODE = YES;
				CLANG_WARN__DUPLICATE_METHOD_MATCH = YES;
				COPY_PHASE_STRIP = NO;
				DEBUG_INFORMATION_FORMAT = "dwarf-with-dsym";
				ENABLE_NS_ASSERTIONS = NO;
				ENABLE_STRICT_OBJC_MSGSEND = YES;
				GCC_C_LANGUAGE_STANDARD = gnu11;
				GCC_NO_COMMON_BLOCKS = YES;
				GCC_WARN_64_TO_32_BIT_CONVERSION = YES;
				GCC_WARN_ABOUT_RETURN_TYPE = YES_ERROR;
				GCC_WARN_UNDECLARED_SELECTOR = YES;
				GCC_WARN_UNINITIALIZED_AUTOS = YES_AGGRESSIVE;
				GCC_WARN_UNUSED_FUNCTION = YES;
				GCC_WARN_UNUSED_VARIABLE = YES;
				IPHONEOS_DEPLOYMENT_TARGET = 13.5;
				MTL_ENABLE_DEBUG_INFO = NO;
				MTL_FAST_MATH = YES;
				SDKROOT = iphoneos;
				SWIFT_COMPILATION_MODE = wholemodule;
				SWIFT_OPTIMIZATION_LEVEL = "-O";
				VALIDATE_PRODUCT = YES;
			};
			name = Release;
		};
		B260813E24DFA7AD004300F0 /* Debug */ = {
			isa = XCBuildConfiguration;
			buildSettings = {
				ASSETCATALOG_COMPILER_APPICON_NAME = AppIcon;
				CODE_SIGN_ENTITLEMENTS = "H4XOR News/H4XOR News.entitlements";
				"CODE_SIGN_IDENTITY[sdk=macosx*]" = "Apple Development";
				CODE_SIGN_STYLE = Automatic;
				DEVELOPMENT_ASSET_PATHS = "\"H4XOR News/Preview Content\"";
				DEVELOPMENT_TEAM = LXPQ92Y325;
				ENABLE_PREVIEWS = YES;
				INFOPLIST_FILE = "H4XOR News/Info.plist";
				LD_RUNPATH_SEARCH_PATHS = (
					"$(inherited)",
					"@executable_path/Frameworks",
				);
				PRODUCT_BUNDLE_IDENTIFIER = "TeamDevelopment.H4XOR-News";
				PRODUCT_NAME = "$(TARGET_NAME)";
				SUPPORTS_MACCATALYST = YES;
				SWIFT_VERSION = 5.0;
				TARGETED_DEVICE_FAMILY = "1,2";
			};
			name = Debug;
		};
		B260813F24DFA7AD004300F0 /* Release */ = {
			isa = XCBuildConfiguration;
			buildSettings = {
				ASSETCATALOG_COMPILER_APPICON_NAME = AppIcon;
				CODE_SIGN_ENTITLEMENTS = "H4XOR News/H4XOR News.entitlements";
				"CODE_SIGN_IDENTITY[sdk=macosx*]" = "Apple Development";
				CODE_SIGN_STYLE = Automatic;
				DEVELOPMENT_ASSET_PATHS = "\"H4XOR News/Preview Content\"";
				DEVELOPMENT_TEAM = LXPQ92Y325;
				ENABLE_PREVIEWS = YES;
				INFOPLIST_FILE = "H4XOR News/Info.plist";
				LD_RUNPATH_SEARCH_PATHS = (
					"$(inherited)",
					"@executable_path/Frameworks",
				);
				PRODUCT_BUNDLE_IDENTIFIER = "TeamDevelopment.H4XOR-News";
				PRODUCT_NAME = "$(TARGET_NAME)";
				SUPPORTS_MACCATALYST = YES;
				SWIFT_VERSION = 5.0;
				TARGETED_DEVICE_FAMILY = "1,2";
			};
			name = Release;
		};
/* End XCBuildConfiguration section */

/* Begin XCConfigurationList section */
		B260812424DFA7AB004300F0 /* Build configuration list for PBXProject "H4XOR News" */ = {
			isa = XCConfigurationList;
			buildConfigurations = (
				B260813B24DFA7AD004300F0 /* Debug */,
				B260813C24DFA7AD004300F0 /* Release */,
			);
			defaultConfigurationIsVisible = 0;
			defaultConfigurationName = Release;
		};
		B260813D24DFA7AD004300F0 /* Build configuration list for PBXNativeTarget "H4XOR News" */ = {
			isa = XCConfigurationList;
			buildConfigurations = (
				B260813E24DFA7AD004300F0 /* Debug */,
				B260813F24DFA7AD004300F0 /* Release */,
			);
			defaultConfigurationIsVisible = 0;
			defaultConfigurationName = Release;
		};
/* End XCConfigurationList section */
	};
	rootObject = B260812124DFA7AB004300F0 /* Project object */;
}
